// !$*UTF8*$!
{
	archiveVersion = 1;
	classes = {
	};
	objectVersion = 46;
	objects = {

/* Begin PBXBuildFile section */
		D4346CAF1A46DBC8001FAFE1 /* main.m in Sources */ = {isa = PBXBuildFile; fileRef = D4346CAE1A46DBC8001FAFE1 /* main.m */; };
		D4346CB21A46DBC8001FAFE1 /* AppDelegate.m in Sources */ = {isa = PBXBuildFile; fileRef = D4346CB11A46DBC8001FAFE1 /* AppDelegate.m */; };
		D4346CB51A46DBC8001FAFE1 /* ViewController.m in Sources */ = {isa = PBXBuildFile; fileRef = D4346CB41A46DBC8001FAFE1 /* ViewController.m */; };
		D4346CB81A46DBC8001FAFE1 /* Main.storyboard in Resources */ = {isa = PBXBuildFile; fileRef = D4346CB61A46DBC8001FAFE1 /* Main.storyboard */; };
		D4346CBA1A46DBC8001FAFE1 /* Images.xcassets in Resources */ = {isa = PBXBuildFile; fileRef = D4346CB91A46DBC8001FAFE1 /* Images.xcassets */; };
		D4346CC91A46DBC8001FAFE1 /* ProlificLibraryTests.m in Sources */ = {isa = PBXBuildFile; fileRef = D4346CC81A46DBC8001FAFE1 /* ProlificLibraryTests.m */; };
		D4346CD71A46DCEF001FAFE1 /* Book.m in Sources */ = {isa = PBXBuildFile; fileRef = D4346CD61A46DCEF001FAFE1 /* Book.m */; };
		D4346CD91A46DE85001FAFE1 /* Default-568h@2x.png in Resources */ = {isa = PBXBuildFile; fileRef = D4346CD81A46DE85001FAFE1 /* Default-568h@2x.png */; };
/* End PBXBuildFile section */

/* Begin PBXContainerItemProxy section */
		D4346CC31A46DBC8001FAFE1 /* PBXContainerItemProxy */ = {
			isa = PBXContainerItemProxy;
			containerPortal = D4346CA11A46DBC8001FAFE1 /* Project object */;
			proxyType = 1;
			remoteGlobalIDString = D4346CA81A46DBC8001FAFE1;
			remoteInfo = ProlificLibrary;
		};
/* End PBXContainerItemProxy section */

/* Begin PBXFileReference section */
		D4346CA91A46DBC8001FAFE1 /* ProlificLibrary.app */ = {isa = PBXFileReference; explicitFileType = wrapper.application; includeInIndex = 0; path = ProlificLibrary.app; sourceTree = BUILT_PRODUCTS_DIR; };
		D4346CAD1A46DBC8001FAFE1 /* Info.plist */ = {isa = PBXFileReference; lastKnownFileType = text.plist.xml; path = Info.plist; sourceTree = "<group>"; };
		D4346CAE1A46DBC8001FAFE1 /* main.m */ = {isa = PBXFileReference; lastKnownFileType = sourcecode.c.objc; path = main.m; sourceTree = "<group>"; };
		D4346CB01A46DBC8001FAFE1 /* AppDelegate.h */ = {isa = PBXFileReference; lastKnownFileType = sourcecode.c.h; path = AppDelegate.h; sourceTree = "<group>"; };
		D4346CB11A46DBC8001FAFE1 /* AppDelegate.m */ = {isa = PBXFileReference; lastKnownFileType = sourcecode.c.objc; path = AppDelegate.m; sourceTree = "<group>"; };
		D4346CB31A46DBC8001FAFE1 /* ViewController.h */ = {isa = PBXFileReference; lastKnownFileType = sourcecode.c.h; path = ViewController.h; sourceTree = "<group>"; };
		D4346CB41A46DBC8001FAFE1 /* ViewController.m */ = {isa = PBXFileReference; lastKnownFileType = sourcecode.c.objc; path = ViewController.m; sourceTree = "<group>"; };
		D4346CB71A46DBC8001FAFE1 /* Base */ = {isa = PBXFileReference; lastKnownFileType = file.storyboard; name = Base; path = Base.lproj/Main.storyboard; sourceTree = "<group>"; };
		D4346CB91A46DBC8001FAFE1 /* Images.xcassets */ = {isa = PBXFileReference; lastKnownFileType = folder.assetcatalog; path = Images.xcassets; sourceTree = "<group>"; };
		D4346CC21A46DBC8001FAFE1 /* ProlificLibraryTests.xctest */ = {isa = PBXFileReference; explicitFileType = wrapper.cfbundle; includeInIndex = 0; path = ProlificLibraryTests.xctest; sourceTree = BUILT_PRODUCTS_DIR; };
		D4346CC71A46DBC8001FAFE1 /* Info.plist */ = {isa = PBXFileReference; lastKnownFileType = text.plist.xml; path = Info.plist; sourceTree = "<group>"; };
		D4346CC81A46DBC8001FAFE1 /* ProlificLibraryTests.m */ = {isa = PBXFileReference; lastKnownFileType = sourcecode.c.objc; path = ProlificLibraryTests.m; sourceTree = "<group>"; };
		D4346CD51A46DCEF001FAFE1 /* Book.h */ = {isa = PBXFileReference; fileEncoding = 4; lastKnownFileType = sourcecode.c.h; path = Book.h; sourceTree = "<group>"; };
		D4346CD61A46DCEF001FAFE1 /* Book.m */ = {isa = PBXFileReference; fileEncoding = 4; lastKnownFileType = sourcecode.c.objc; path = Book.m; sourceTree = "<group>"; };
		D4346CD81A46DE85001FAFE1 /* Default-568h@2x.png */ = {isa = PBXFileReference; lastKnownFileType = image.png; name = "Default-568h@2x.png"; path = "../Default-568h@2x.png"; sourceTree = "<group>"; };
/* End PBXFileReference section */

/* Begin PBXFrameworksBuildPhase section */
		D4346CA61A46DBC8001FAFE1 /* Frameworks */ = {
			isa = PBXFrameworksBuildPhase;
			buildActionMask = 2147483647;
			files = (
			);
			runOnlyForDeploymentPostprocessing = 0;
		};
		D4346CBF1A46DBC8001FAFE1 /* Frameworks */ = {
			isa = PBXFrameworksBuildPhase;
			buildActionMask = 2147483647;
			files = (
			);
			runOnlyForDeploymentPostprocessing = 0;
		};
/* End PBXFrameworksBuildPhase section */

/* Begin PBXGroup section */
		D4346CA01A46DBC8001FAFE1 = {
			isa = PBXGroup;
			children = (
				D4346CAB1A46DBC8001FAFE1 /* ProlificLibrary */,
				D4346CC51A46DBC8001FAFE1 /* ProlificLibraryTests */,
				D4346CAA1A46DBC8001FAFE1 /* Products */,
			);
			sourceTree = "<group>";
		};
		D4346CAA1A46DBC8001FAFE1 /* Products */ = {
			isa = PBXGroup;
			children = (
				D4346CA91A46DBC8001FAFE1 /* ProlificLibrary.app */,
				D4346CC21A46DBC8001FAFE1 /* ProlificLibraryTests.xctest */,
			);
			name = Products;
			sourceTree = "<group>";
		};
		D4346CAB1A46DBC8001FAFE1 /* ProlificLibrary */ = {
			isa = PBXGroup;
			children = (
				D4346CB01A46DBC8001FAFE1 /* AppDelegate.h */,
				D4346CB11A46DBC8001FAFE1 /* AppDelegate.m */,
				D4346CB31A46DBC8001FAFE1 /* ViewController.h */,
				D4346CB41A46DBC8001FAFE1 /* ViewController.m */,
				D4346CD51A46DCEF001FAFE1 /* Book.h */,
				D4346CD61A46DCEF001FAFE1 /* Book.m */,
				D4346CB61A46DBC8001FAFE1 /* Main.storyboard */,
				D4346CB91A46DBC8001FAFE1 /* Images.xcassets */,
				D4346CD81A46DE85001FAFE1 /* Default-568h@2x.png */,
				D4346CAC1A46DBC8001FAFE1 /* Supporting Files */,
			);
			path = ProlificLibrary;
			sourceTree = "<group>";
		};
		D4346CAC1A46DBC8001FAFE1 /* Supporting Files */ = {
			isa = PBXGroup;
			children = (
				D4346CAD1A46DBC8001FAFE1 /* Info.plist */,
				D4346CAE1A46DBC8001FAFE1 /* main.m */,
			);
			name = "Supporting Files";
			sourceTree = "<group>";
		};
		D4346CC51A46DBC8001FAFE1 /* ProlificLibraryTests */ = {
			isa = PBXGroup;
			children = (
				D4346CC81A46DBC8001FAFE1 /* ProlificLibraryTests.m */,
				D4346CC61A46DBC8001FAFE1 /* Supporting Files */,
			);
			path = ProlificLibraryTests;
			sourceTree = "<group>";
		};
		D4346CC61A46DBC8001FAFE1 /* Supporting Files */ = {
			isa = PBXGroup;
			children = (
				D4346CC71A46DBC8001FAFE1 /* Info.plist */,
			);
			name = "Supporting Files";
			sourceTree = "<group>";
		};
/* End PBXGroup section */

/* Begin PBXNativeTarget section */
		D4346CA81A46DBC8001FAFE1 /* ProlificLibrary */ = {
			isa = PBXNativeTarget;
			buildConfigurationList = D4346CCC1A46DBC9001FAFE1 /* Build configuration list for PBXNativeTarget "ProlificLibrary" */;
			buildPhases = (
				D4346CA51A46DBC8001FAFE1 /* Sources */,
				D4346CA61A46DBC8001FAFE1 /* Frameworks */,
				D4346CA71A46DBC8001FAFE1 /* Resources */,
			);
			buildRules = (
			);
			dependencies = (
			);
			name = ProlificLibrary;
			productName = ProlificLibrary;
			productReference = D4346CA91A46DBC8001FAFE1 /* ProlificLibrary.app */;
			productType = "com.apple.product-type.application";
		};
		D4346CC11A46DBC8001FAFE1 /* ProlificLibraryTests */ = {
			isa = PBXNativeTarget;
			buildConfigurationList = D4346CCF1A46DBC9001FAFE1 /* Build configuration list for PBXNativeTarget "ProlificLibraryTests" */;
			buildPhases = (
				D4346CBE1A46DBC8001FAFE1 /* Sources */,
				D4346CBF1A46DBC8001FAFE1 /* Frameworks */,
				D4346CC01A46DBC8001FAFE1 /* Resources */,
			);
			buildRules = (
			);
			dependencies = (
				D4346CC41A46DBC8001FAFE1 /* PBXTargetDependency */,
			);
			name = ProlificLibraryTests;
			productName = ProlificLibraryTests;
			productReference = D4346CC21A46DBC8001FAFE1 /* ProlificLibraryTests.xctest */;
			productType = "com.apple.product-type.bundle.unit-test";
		};
/* End PBXNativeTarget section */

/* Begin PBXProject section */
		D4346CA11A46DBC8001FAFE1 /* Project object */ = {
			isa = PBXProject;
			attributes = {
				LastUpgradeCheck = 0610;
				ORGANIZATIONNAME = JulienChene;
				TargetAttributes = {
					D4346CA81A46DBC8001FAFE1 = {
						CreatedOnToolsVersion = 6.1;
					};
					D4346CC11A46DBC8001FAFE1 = {
						CreatedOnToolsVersion = 6.1;
						TestTargetID = D4346CA81A46DBC8001FAFE1;
					};
				};
			};
			buildConfigurationList = D4346CA41A46DBC8001FAFE1 /* Build configuration list for PBXProject "ProlificLibrary" */;
			compatibilityVersion = "Xcode 3.2";
			developmentRegion = English;
			hasScannedForEncodings = 0;
			knownRegions = (
				en,
				Base,
			);
			mainGroup = D4346CA01A46DBC8001FAFE1;
			productRefGroup = D4346CAA1A46DBC8001FAFE1 /* Products */;
			projectDirPath = "";
			projectRoot = "";
			targets = (
				D4346CA81A46DBC8001FAFE1 /* ProlificLibrary */,
				D4346CC11A46DBC8001FAFE1 /* ProlificLibraryTests */,
			);
		};
/* End PBXProject section */

/* Begin PBXResourcesBuildPhase section */
		D4346CA71A46DBC8001FAFE1 /* Resources */ = {
			isa = PBXResourcesBuildPhase;
			buildActionMask = 2147483647;
			files = (
				D4346CB81A46DBC8001FAFE1 /* Main.storyboard in Resources */,
				D4346CD91A46DE85001FAFE1 /* Default-568h@2x.png in Resources */,
				D4346CBA1A46DBC8001FAFE1 /* Images.xcassets in Resources */,
			);
			runOnlyForDeploymentPostprocessing = 0;
		};
		D4346CC01A46DBC8001FAFE1 /* Resources */ = {
			isa = PBXResourcesBuildPhase;
			buildActionMask = 2147483647;
			files = (
			);
			runOnlyForDeploymentPostprocessing = 0;
		};
/* End PBXResourcesBuildPhase section */

/* Begin PBXSourcesBuildPhase section */
		D4346CA51A46DBC8001FAFE1 /* Sources */ = {
			isa = PBXSourcesBuildPhase;
			buildActionMask = 2147483647;
			files = (
				D4346CD71A46DCEF001FAFE1 /* Book.m in Sources */,
				D4346CB51A46DBC8001FAFE1 /* ViewController.m in Sources */,
				D4346CB21A46DBC8001FAFE1 /* AppDelegate.m in Sources */,
				D4346CAF1A46DBC8001FAFE1 /* main.m in Sources */,
			);
			runOnlyForDeploymentPostprocessing = 0;
		};
		D4346CBE1A46DBC8001FAFE1 /* Sources */ = {
			isa = PBXSourcesBuildPhase;
			buildActionMask = 2147483647;
			files = (
				D4346CC91A46DBC8001FAFE1 /* ProlificLibraryTests.m in Sources */,
			);
			runOnlyForDeploymentPostprocessing = 0;
		};
/* End PBXSourcesBuildPhase section */

/* Begin PBXTargetDependency section */
		D4346CC41A46DBC8001FAFE1 /* PBXTargetDependency */ = {
			isa = PBXTargetDependency;
			target = D4346CA81A46DBC8001FAFE1 /* ProlificLibrary */;
			targetProxy = D4346CC31A46DBC8001FAFE1 /* PBXContainerItemProxy */;
		};
/* End PBXTargetDependency section */

/* Begin PBXVariantGroup section */
		D4346CB61A46DBC8001FAFE1 /* Main.storyboard */ = {
			isa = PBXVariantGroup;
			children = (
				D4346CB71A46DBC8001FAFE1 /* Base */,
			);
			name = Main.storyboard;
			sourceTree = "<group>";
		};
/* End PBXVariantGroup section */

/* Begin XCBuildConfiguration section */
		D4346CCA1A46DBC9001FAFE1 /* Debug */ = {
			isa = XCBuildConfiguration;
			buildSettings = {
				ALWAYS_SEARCH_USER_PATHS = NO;
				CLANG_CXX_LANGUAGE_STANDARD = "gnu++0x";
				CLANG_CXX_LIBRARY = "libc++";
				CLANG_ENABLE_MODULES = YES;
				CLANG_ENABLE_OBJC_ARC = YES;
				CLANG_WARN_BOOL_CONVERSION = YES;
				CLANG_WARN_CONSTANT_CONVERSION = YES;
				CLANG_WARN_DIRECT_OBJC_ISA_USAGE = YES_ERROR;
				CLANG_WARN_EMPTY_BODY = YES;
				CLANG_WARN_ENUM_CONVERSION = YES;
				CLANG_WARN_INT_CONVERSION = YES;
				CLANG_WARN_OBJC_ROOT_CLASS = YES_ERROR;
				CLANG_WARN_UNREACHABLE_CODE = YES;
				CLANG_WARN__DUPLICATE_METHOD_MATCH = YES;
				"CODE_SIGN_IDENTITY[sdk=iphoneos*]" = "iPhone Developer";
				COPY_PHASE_STRIP = NO;
				ENABLE_STRICT_OBJC_MSGSEND = YES;
				GCC_C_LANGUAGE_STANDARD = gnu99;
				GCC_DYNAMIC_NO_PIC = NO;
				GCC_OPTIMIZATION_LEVEL = 0;
				GCC_PREPROCESSOR_DEFINITIONS = (
					"DEBUG=1",
					"$(inherited)",
				);
				GCC_SYMBOLS_PRIVATE_EXTERN = NO;
				GCC_WARN_64_TO_32_BIT_CONVERSION = YES;
				GCC_WARN_ABOUT_RETURN_TYPE = YES_ERROR;
				GCC_WARN_UNDECLARED_SELECTOR = YES;
				GCC_WARN_UNINITIALIZED_AUTOS = YES_AGGRESSIVE;
				GCC_WARN_UNUSED_FUNCTION = YES;
				GCC_WARN_UNUSED_VARIABLE = YES;
				IPHONEOS_DEPLOYMENT_TARGET = 8.1;
				MTL_ENABLE_DEBUG_INFO = YES;
				ONLY_ACTIVE_ARCH = YES;
				SDKROOT = iphoneos;
			};
			name = Debug;
		};
		D4346CCB1A46DBC9001FAFE1 /* Release */ = {
			isa = XCBuildConfiguration;
			buildSettings = {
				ALWAYS_SEARCH_USER_PATHS = NO;
				CLANG_CXX_LANGUAGE_STANDARD = "gnu++0x";
				CLANG_CXX_LIBRARY = "libc++";
				CLANG_ENABLE_MODULES = YES;
				CLANG_ENABLE_OBJC_ARC = YES;
				CLANG_WARN_BOOL_CONVERSION = YES;
				CLANG_WARN_CONSTANT_CONVERSION = YES;
				CLANG_WARN_DIRECT_OBJC_ISA_USAGE = YES_ERROR;
				CLANG_WARN_EMPTY_BODY = YES;
				CLANG_WARN_ENUM_CONVERSION = YES;
				CLANG_WARN_INT_CONVERSION = YES;
				CLANG_WARN_OBJC_ROOT_CLASS = YES_ERROR;
				CLANG_WARN_UNREACHABLE_CODE = YES;
				CLANG_WARN__DUPLICATE_METHOD_MATCH = YES;
				"CODE_SIGN_IDENTITY[sdk=iphoneos*]" = "iPhone Developer";
				COPY_PHASE_STRIP = YES;
				ENABLE_NS_ASSERTIONS = NO;
				ENABLE_STRICT_OBJC_MSGSEND = YES;
				GCC_C_LANGUAGE_STANDARD = gnu99;
				GCC_WARN_64_TO_32_BIT_CONVERSION = YES;
				GCC_WARN_ABOUT_RETURN_TYPE = YES_ERROR;
				GCC_WARN_UNDECLARED_SELECTOR = YES;
				GCC_WARN_UNINITIALIZED_AUTOS = YES_AGGRESSIVE;
				GCC_WARN_UNUSED_FUNCTION = YES;
				GCC_WARN_UNUSED_VARIABLE = YES;
				IPHONEOS_DEPLOYMENT_TARGET = 8.1;
				MTL_ENABLE_DEBUG_INFO = NO;
				SDKROOT = iphoneos;
				VALIDATE_PRODUCT = YES;
			};
			name = Release;
		};
		D4346CCD1A46DBC9001FAFE1 /* Debug */ = {
			isa = XCBuildConfiguration;
			buildSettings = {
				ASSETCATALOG_COMPILER_APPICON_NAME = AppIcon;
				INFOPLIST_FILE = ProlificLibrary/Info.plist;
				IPHONEOS_DEPLOYMENT_TARGET = 7.0;
				LD_RUNPATH_SEARCH_PATHS = "$(inherited) @executable_path/Frameworks";
				PRODUCT_NAME = "$(TARGET_NAME)";
			};
			name = Debug;
		};
		D4346CCE1A46DBC9001FAFE1 /* Release */ = {
			isa = XCBuildConfiguration;
			buildSettings = {
				ASSETCATALOG_COMPILER_APPICON_NAME = AppIcon;
				INFOPLIST_FILE = ProlificLibrary/Info.plist;
				IPHONEOS_DEPLOYMENT_TARGET = 7.0;
				LD_RUNPATH_SEARCH_PATHS = "$(inherited) @executable_path/Frameworks";
				PRODUCT_NAME = "$(TARGET_NAME)";
			};
			name = Release;
		};
		D4346CD01A46DBC9001FAFE1 /* Debug */ = {
			isa = XCBuildConfiguration;
			buildSettings = {
				BUNDLE_LOADER = "$(TEST_HOST)";
				FRAMEWORK_SEARCH_PATHS = (
					"$(SDKROOT)/Developer/Library/Frameworks",
					"$(inherited)",
				);
				GCC_PREPROCESSOR_DEFINITIONS = (
					"DEBUG=1",
					"$(inherited)",
				);
				INFOPLIST_FILE = ProlificLibraryTests/Info.plist;
				LD_RUNPATH_SEARCH_PATHS = "$(inherited) @executable_path/Frameworks @loader_path/Frameworks";
				PRODUCT_NAME = "$(TARGET_NAME)";
				TEST_HOST = "$(BUILT_PRODUCTS_DIR)/ProlificLibrary.app/ProlificLibrary";
			};
			name = Debug;
		};
		D4346CD11A46DBC9001FAFE1 /* Release */ = {
			isa = XCBuildConfiguration;
			buildSettings = {
				BUNDLE_LOADER = "$(TEST_HOST)";
				FRAMEWORK_SEARCH_PATHS = (
					"$(SDKROOT)/Developer/Library/Frameworks",
					"$(inherited)",
				);
				INFOPLIST_FILE = ProlificLibraryTests/Info.plist;
				LD_RUNPATH_SEARCH_PATHS = "$(inherited) @executable_path/Frameworks @loader_path/Frameworks";
				PRODUCT_NAME = "$(TARGET_NAME)";
				TEST_HOST = "$(BUILT_PRODUCTS_DIR)/ProlificLibrary.app/ProlificLibrary";
			};
			name = Release;
		};
/* End XCBuildConfiguration section */

/* Begin XCConfigurationList section */
		D4346CA41A46DBC8001FAFE1 /* Build configuration list for PBXProject "ProlificLibrary" */ = {
			isa = XCConfigurationList;
			buildConfigurations = (
				D4346CCA1A46DBC9001FAFE1 /* Debug */,
				D4346CCB1A46DBC9001FAFE1 /* Release */,
			);
			defaultConfigurationIsVisible = 0;
			defaultConfigurationName = Release;
		};
		D4346CCC1A46DBC9001FAFE1 /* Build configuration list for PBXNativeTarget "ProlificLibrary" */ = {
			isa = XCConfigurationList;
			buildConfigurations = (
				D4346CCD1A46DBC9001FAFE1 /* Debug */,
				D4346CCE1A46DBC9001FAFE1 /* Release */,
			);
			defaultConfigurationIsVisible = 0;
		};
		D4346CCF1A46DBC9001FAFE1 /* Build configuration list for PBXNativeTarget "ProlificLibraryTests" */ = {
			isa = XCConfigurationList;
			buildConfigurations = (
				D4346CD01A46DBC9001FAFE1 /* Debug */,
				D4346CD11A46DBC9001FAFE1 /* Release */,
			);
			defaultConfigurationIsVisible = 0;
		};
/* End XCConfigurationList section */
	};
	rootObject = D4346CA11A46DBC8001FAFE1 /* Project object */;
}
